
Microsoft Visual Studio Solution File, Format Version 12.00
# Visual Studio Version 17
VisualStudioVersion = 17.5.33414.496
MinimumVisualStudioVersion = 10.0.40219.1
Project("{FAE04EC0-301F-11D3-BF4B-00C04F79EFBC}") = "Test2Migrate", "Test2Migrate\Test2Migrate.csproj", "{01E99FB8-6772-4B2D-97E6-33D5161C42DB}"
EndProject
Global
	GlobalSection(SolutionConfigurationPlatforms) = preSolution
		Debug|Any CPU = Debug|Any CPU
		Release|Any CPU = Release|Any CPU
	EndGlobalSection
	GlobalSection(ProjectConfigurationPlatforms) = postSolution
		{01E99FB8-6772-4B2D-97E6-33D5161C42DB}.Debug|Any CPU.ActiveCfg = Debug|Any CPU
		{01E99FB8-6772-4B2D-97E6-33D5161C42DB}.Debug|Any CPU.Build.0 = Debug|Any CPU
		{01E99FB8-6772-4B2D-97E6-33D5161C42DB}.Release|Any CPU.ActiveCfg = Release|Any CPU
		{01E99FB8-6772-4B2D-97E6-33D5161C42DB}.Release|Any CPU.Build.0 = Release|Any CPU
	EndGlobalSection
	GlobalSection(SolutionProperties) = preSolution
		HideSolutionNode = FALSE
	EndGlobalSection
	GlobalSection(ExtensibilityGlobals) = postSolution
		SolutionGuid = {F5C52069-E8F7-4799-AD59-A2A0D23ACCBE}
	EndGlobalSection
EndGlobal
